
Microsoft Visual Studio Solution File, Format Version 12.00
# Visual Studio 15
VisualStudioVersion = 15.0.27130.2024
MinimumVisualStudioVersion = 10.0.40219.1
Project("{FAE04EC0-301F-11D3-BF4B-00C04F79EFBC}") = "App1.Android", "App1\App1.Android\App1.Android.csproj", "{A1F36B82-FBEB-4639-BE06-D9EF2AEA1964}"
EndProject
Project("{FAE04EC0-301F-11D3-BF4B-00C04F79EFBC}") = "App1", "App1\App1\App1.csproj", "{DEFA994D-334E-406F-9831-618DF7E99C15}"
EndProject
Global
	GlobalSection(SolutionConfigurationPlatforms) = preSolution
		Debug|Any CPU = Debug|Any CPU
		Release|Any CPU = Release|Any CPU
	EndGlobalSection
	GlobalSection(ProjectConfigurationPlatforms) = postSolution
		{A1F36B82-FBEB-4639-BE06-D9EF2AEA1964}.Debug|Any CPU.ActiveCfg = Debug|Any CPU
		{A1F36B82-FBEB-4639-BE06-D9EF2AEA1964}.Debug|Any CPU.Build.0 = Debug|Any CPU
		{A1F36B82-FBEB-4639-BE06-D9EF2AEA1964}.Debug|Any CPU.Deploy.0 = Debug|Any CPU
		{A1F36B82-FBEB-4639-BE06-D9EF2AEA1964}.Release|Any CPU.ActiveCfg = Release|Any CPU
		{A1F36B82-FBEB-4639-BE06-D9EF2AEA1964}.Release|Any CPU.Build.0 = Release|Any CPU
		{A1F36B82-FBEB-4639-BE06-D9EF2AEA1964}.Release|Any CPU.Deploy.0 = Release|Any CPU
		{DEFA994D-334E-406F-9831-618DF7E99C15}.Debug|Any CPU.ActiveCfg = Debug|Any CPU
		{DEFA994D-334E-406F-9831-618DF7E99C15}.Debug|Any CPU.Build.0 = Debug|Any CPU
		{DEFA994D-334E-406F-9831-618DF7E99C15}.Release|Any CPU.ActiveCfg = Release|Any CPU
		{DEFA994D-334E-406F-9831-618DF7E99C15}.Release|Any CPU.Build.0 = Release|Any CPU
	EndGlobalSection
	GlobalSection(SolutionProperties) = preSolution
		HideSolutionNode = FALSE
	EndGlobalSection
	GlobalSection(ExtensibilityGlobals) = postSolution
		SolutionGuid = {30AC0D71-C5FC-4A2A-AD25-B3B7D3EBCD53}
	EndGlobalSection
EndGlobal
